
Microsoft Visual Studio Solution File, Format Version 12.00
# Visual Studio Version 17
VisualStudioVersion = 17.8.34330.188
MinimumVisualStudioVersion = 10.0.40219.1
Project("{FAE04EC0-301F-11D3-BF4B-00C04F79EFBC}") = "Algorithmia", "Algorithmia\Algorithmia.csproj", "{79CDFC6B-EA5D-4EFE-808E-C37914E89000}"
EndProject
Project("{FAE04EC0-301F-11D3-BF4B-00C04F79EFBC}") = "AlgorithmiaTests", "AlgorithmiaTests\AlgorithmiaTests.csproj", "{4F474630-EB71-4F36-A42D-7344FA4FFF78}"
EndProject
Global
	GlobalSection(SolutionConfigurationPlatforms) = preSolution
		Debug|Any CPU = Debug|Any CPU
		Release|Any CPU = Release|Any CPU
	EndGlobalSection
	GlobalSection(ProjectConfigurationPlatforms) = postSolution
		{79CDFC6B-EA5D-4EFE-808E-C37914E89000}.Debug|Any CPU.ActiveCfg = Debug|Any CPU
		{79CDFC6B-EA5D-4EFE-808E-C37914E89000}.Debug|Any CPU.Build.0 = Debug|Any CPU
		{79CDFC6B-EA5D-4EFE-808E-C37914E89000}.Release|Any CPU.ActiveCfg = Release|Any CPU
		{79CDFC6B-EA5D-4EFE-808E-C37914E89000}.Release|Any CPU.Build.0 = Release|Any CPU
		{4F474630-EB71-4F36-A42D-7344FA4FFF78}.Debug|Any CPU.ActiveCfg = Debug|Any CPU
		{4F474630-EB71-4F36-A42D-7344FA4FFF78}.Debug|Any CPU.Build.0 = Debug|Any CPU
		{4F474630-EB71-4F36-A42D-7344FA4FFF78}.Release|Any CPU.ActiveCfg = Release|Any CPU
		{4F474630-EB71-4F36-A42D-7344FA4FFF78}.Release|Any CPU.Build.0 = Release|Any CPU
	EndGlobalSection
	GlobalSection(SolutionProperties) = preSolution
		HideSolutionNode = FALSE
	EndGlobalSection
	GlobalSection(ExtensibilityGlobals) = postSolution
		SolutionGuid = {AEC79F06-18B9-4F96-ABC6-758567EDF0E5}
	EndGlobalSection
EndGlobal
